# THIS IS AN AUTOGENERATED FILE. DO NOT EDIT THIS FILE DIRECTLY.
# yarn lockfile v1


"@vant/weapp@^1.8.2":
  version "1.8.2"
  resolved "https://registry.yarnpkg.com/@vant/weapp/-/weapp-1.8.2.tgz#e14a974e462bd31f94941d3b63858f9b3a185eb1"
  integrity sha512-1+2rMC2ql+Ueeeb3DhsBNVjmNyEp3wBIXhTn5ALMu5exJouCSe8ilIv8koU8HRT0PN0rZlhYAo6BxpYfDYV/dw==
